// !$*UTF8*$!
{
	archiveVersion = 1;
	classes = {
	};
	objectVersion = 46;
	objects = {

/* Begin PBXBuildFile section */
		2B3083D51E095DCE0041135D /* FancyView.swift in Sources */ = {isa = PBXBuildFile; fileRef = 2B3083D41E095DCE0041135D /* FancyView.swift */; };
		2B3083D81E095E7D0041135D /* Constants.swift in Sources */ = {isa = PBXBuildFile; fileRef = 2B3083D71E095E7D0041135D /* Constants.swift */; };
		2B3083DA1E0960F50041135D /* RoundBtn.swift in Sources */ = {isa = PBXBuildFile; fileRef = 2B3083D91E0960F50041135D /* RoundBtn.swift */; };
		2B3083DC1E0964E30041135D /* FancyField.swift in Sources */ = {isa = PBXBuildFile; fileRef = 2B3083DB1E0964E30041135D /* FancyField.swift */; };
		2B3083DE1E0967390041135D /* FancyBtn.swift in Sources */ = {isa = PBXBuildFile; fileRef = 2B3083DD1E0967390041135D /* FancyBtn.swift */; };
		2B4528431E0A964A0093153D /* GoogleService-Info.plist in Resources */ = {isa = PBXBuildFile; fileRef = 2B4528421E0A964A0093153D /* GoogleService-Info.plist */; };
		2BE75C941E06D6B100517368 /* AppDelegate.swift in Sources */ = {isa = PBXBuildFile; fileRef = 2BE75C931E06D6B100517368 /* AppDelegate.swift */; };
		2BE75C961E06D6B100517368 /* SignInVC.swift in Sources */ = {isa = PBXBuildFile; fileRef = 2BE75C951E06D6B100517368 /* SignInVC.swift */; };
		2BE75C991E06D6B100517368 /* Main.storyboard in Resources */ = {isa = PBXBuildFile; fileRef = 2BE75C971E06D6B100517368 /* Main.storyboard */; };
		2BE75C9B1E06D6B100517368 /* Assets.xcassets in Resources */ = {isa = PBXBuildFile; fileRef = 2BE75C9A1E06D6B100517368 /* Assets.xcassets */; };
		2BE75C9E1E06D6B100517368 /* LaunchScreen.storyboard in Resources */ = {isa = PBXBuildFile; fileRef = 2BE75C9C1E06D6B100517368 /* LaunchScreen.storyboard */; };
		48C719FE261747AEBECA0892 /* Pods_Fontys_Dummys.framework in Frameworks */ = {isa = PBXBuildFile; fileRef = 5FFDBD04772CD9C5F36A0C9A /* Pods_Fontys_Dummys.framework */; };
/* End PBXBuildFile section */

/* Begin PBXFileReference section */
		2B3083D41E095DCE0041135D /* FancyView.swift */ = {isa = PBXFileReference; fileEncoding = 4; lastKnownFileType = sourcecode.swift; path = FancyView.swift; sourceTree = "<group>"; };
		2B3083D71E095E7D0041135D /* Constants.swift */ = {isa = PBXFileReference; fileEncoding = 4; lastKnownFileType = sourcecode.swift; path = Constants.swift; sourceTree = "<group>"; };
		2B3083D91E0960F50041135D /* RoundBtn.swift */ = {isa = PBXFileReference; fileEncoding = 4; lastKnownFileType = sourcecode.swift; path = RoundBtn.swift; sourceTree = "<group>"; };
		2B3083DB1E0964E30041135D /* FancyField.swift */ = {isa = PBXFileReference; fileEncoding = 4; lastKnownFileType = sourcecode.swift; path = FancyField.swift; sourceTree = "<group>"; };
		2B3083DD1E0967390041135D /* FancyBtn.swift */ = {isa = PBXFileReference; fileEncoding = 4; lastKnownFileType = sourcecode.swift; path = FancyBtn.swift; sourceTree = "<group>"; };
		2B4528421E0A964A0093153D /* GoogleService-Info.plist */ = {isa = PBXFileReference; fileEncoding = 4; lastKnownFileType = text.plist.xml; path = "GoogleService-Info.plist"; sourceTree = "<group>"; };
		2B7DA7531E09AE5900428186 /* Fontys-Dummys.entitlements */ = {isa = PBXFileReference; lastKnownFileType = text.plist.entitlements; path = "Fontys-Dummys.entitlements"; sourceTree = "<group>"; };
		2BE75C901E06D6B100517368 /* Fontys-Dummys.app */ = {isa = PBXFileReference; explicitFileType = wrapper.application; includeInIndex = 0; path = "Fontys-Dummys.app"; sourceTree = BUILT_PRODUCTS_DIR; };
		2BE75C931E06D6B100517368 /* AppDelegate.swift */ = {isa = PBXFileReference; lastKnownFileType = sourcecode.swift; path = AppDelegate.swift; sourceTree = "<group>"; };
		2BE75C951E06D6B100517368 /* SignInVC.swift */ = {isa = PBXFileReference; lastKnownFileType = sourcecode.swift; path = SignInVC.swift; sourceTree = "<group>"; };
		2BE75C981E06D6B100517368 /* Base */ = {isa = PBXFileReference; lastKnownFileType = file.storyboard; name = Base; path = Base.lproj/Main.storyboard; sourceTree = "<group>"; };
		2BE75C9A1E06D6B100517368 /* Assets.xcassets */ = {isa = PBXFileReference; lastKnownFileType = folder.assetcatalog; path = Assets.xcassets; sourceTree = "<group>"; };
		2BE75C9D1E06D6B100517368 /* Base */ = {isa = PBXFileReference; lastKnownFileType = file.storyboard; name = Base; path = Base.lproj/LaunchScreen.storyboard; sourceTree = "<group>"; };
		2BE75C9F1E06D6B100517368 /* Info.plist */ = {isa = PBXFileReference; lastKnownFileType = text.plist.xml; path = Info.plist; sourceTree = "<group>"; };
		5FFDBD04772CD9C5F36A0C9A /* Pods_Fontys_Dummys.framework */ = {isa = PBXFileReference; explicitFileType = wrapper.framework; includeInIndex = 0; path = Pods_Fontys_Dummys.framework; sourceTree = BUILT_PRODUCTS_DIR; };
		7A1FC0CCB521B08988CA981C /* Pods-Fontys-Dummys.release.xcconfig */ = {isa = PBXFileReference; includeInIndex = 1; lastKnownFileType = text.xcconfig; name = "Pods-Fontys-Dummys.release.xcconfig"; path = "Pods/Target Support Files/Pods-Fontys-Dummys/Pods-Fontys-Dummys.release.xcconfig"; sourceTree = "<group>"; };
		941008533F26EEF1BC8AFA79 /* Pods-Fontys-Dummys.debug.xcconfig */ = {isa = PBXFileReference; includeInIndex = 1; lastKnownFileType = text.xcconfig; name = "Pods-Fontys-Dummys.debug.xcconfig"; path = "Pods/Target Support Files/Pods-Fontys-Dummys/Pods-Fontys-Dummys.debug.xcconfig"; sourceTree = "<group>"; };
/* End PBXFileReference section */

/* Begin PBXFrameworksBuildPhase section */
		2BE75C8D1E06D6B000517368 /* Frameworks */ = {
			isa = PBXFrameworksBuildPhase;
			buildActionMask = 2147483647;
			files = (
				48C719FE261747AEBECA0892 /* Pods_Fontys_Dummys.framework in Frameworks */,
			);
			runOnlyForDeploymentPostprocessing = 0;
		};
/* End PBXFrameworksBuildPhase section */

/* Begin PBXGroup section */
		2B3083D61E095E5E0041135D /* Util */ = {
			isa = PBXGroup;
			children = (
				2B3083D71E095E7D0041135D /* Constants.swift */,
			);
			name = Util;
			sourceTree = "<group>";
		};
		2BE75C871E06D6B000517368 = {
			isa = PBXGroup;
			children = (
				2BE75C921E06D6B100517368 /* Fontys-Dummys */,
				2BE75C911E06D6B100517368 /* Products */,
				C900B02DAAD9E67FDE18F961 /* Pods */,
				47D6DD324D0B7DB84D84D364 /* Frameworks */,
			);
			sourceTree = "<group>";
		};
		2BE75C911E06D6B100517368 /* Products */ = {
			isa = PBXGroup;
			children = (
				2BE75C901E06D6B100517368 /* Fontys-Dummys.app */,
			);
			name = Products;
			sourceTree = "<group>";
		};
		2BE75C921E06D6B100517368 /* Fontys-Dummys */ = {
			isa = PBXGroup;
			children = (
				2B7DA7531E09AE5900428186 /* Fontys-Dummys.entitlements */,
				2B3083D61E095E5E0041135D /* Util */,
				2BE75CA71E06DAFA00517368 /* Model */,
				2BE75CA91E06DB1600517368 /* Controller */,
				2BE75CA81E06DB0900517368 /* View */,
				2BE75C931E06D6B100517368 /* AppDelegate.swift */,
				2BE75C971E06D6B100517368 /* Main.storyboard */,
				2BE75C9A1E06D6B100517368 /* Assets.xcassets */,
				2BE75C9C1E06D6B100517368 /* LaunchScreen.storyboard */,
				2BE75C9F1E06D6B100517368 /* Info.plist */,
				2B4528421E0A964A0093153D /* GoogleService-Info.plist */,
			);
			path = "Fontys-Dummys";
			sourceTree = "<group>";
		};
		2BE75CA71E06DAFA00517368 /* Model */ = {
			isa = PBXGroup;
			children = (
			);
			name = Model;
			sourceTree = "<group>";
		};
		2BE75CA81E06DB0900517368 /* View */ = {
			isa = PBXGroup;
			children = (
				2B3083D41E095DCE0041135D /* FancyView.swift */,
				2B3083DB1E0964E30041135D /* FancyField.swift */,
				2B3083DD1E0967390041135D /* FancyBtn.swift */,
				2B3083D91E0960F50041135D /* RoundBtn.swift */,
			);
			name = View;
			sourceTree = "<group>";
		};
		2BE75CA91E06DB1600517368 /* Controller */ = {
			isa = PBXGroup;
			children = (
				2BE75C951E06D6B100517368 /* SignInVC.swift */,
			);
			name = Controller;
			sourceTree = "<group>";
		};
		47D6DD324D0B7DB84D84D364 /* Frameworks */ = {
			isa = PBXGroup;
			children = (
				5FFDBD04772CD9C5F36A0C9A /* Pods_Fontys_Dummys.framework */,
			);
			name = Frameworks;
			sourceTree = "<group>";
		};
		C900B02DAAD9E67FDE18F961 /* Pods */ = {
			isa = PBXGroup;
			children = (
				941008533F26EEF1BC8AFA79 /* Pods-Fontys-Dummys.debug.xcconfig */,
				7A1FC0CCB521B08988CA981C /* Pods-Fontys-Dummys.release.xcconfig */,
			);
			name = Pods;
			sourceTree = "<group>";
		};
/* End PBXGroup section */

/* Begin PBXNativeTarget section */
		2BE75C8F1E06D6B000517368 /* Fontys-Dummys */ = {
			isa = PBXNativeTarget;
			buildConfigurationList = 2BE75CA21E06D6B100517368 /* Build configuration list for PBXNativeTarget "Fontys-Dummys" */;
			buildPhases = (
				72BC2AB37A7D0F8EFCF6AA0B /* [CP] Check Pods Manifest.lock */,
				2BE75C8C1E06D6B000517368 /* Sources */,
				2BE75C8D1E06D6B000517368 /* Frameworks */,
				2BE75C8E1E06D6B000517368 /* Resources */,
				058DE88089B5373E6EBF7EB6 /* [CP] Embed Pods Frameworks */,
				B43593B02C421A7CECC434D8 /* [CP] Copy Pods Resources */,
			);
			buildRules = (
			);
			dependencies = (
			);
			name = "Fontys-Dummys";
			productName = "Fontys-Dummys";
			productReference = 2BE75C901E06D6B100517368 /* Fontys-Dummys.app */;
			productType = "com.apple.product-type.application";
		};
/* End PBXNativeTarget section */

/* Begin PBXProject section */
		2BE75C881E06D6B000517368 /* Project object */ = {
			isa = PBXProject;
			attributes = {
				LastSwiftUpdateCheck = 0820;
				LastUpgradeCheck = 0820;
				ORGANIZATIONNAME = "Ruud Slagers";
				TargetAttributes = {
					2BE75C8F1E06D6B000517368 = {
						CreatedOnToolsVersion = 8.2;
						DevelopmentTeam = 8XQREM6QC3;
						ProvisioningStyle = Automatic;
						SystemCapabilities = {
							com.apple.Keychain = {
								enabled = 1;
							};
						};
					};
				};
			};
			buildConfigurationList = 2BE75C8B1E06D6B000517368 /* Build configuration list for PBXProject "Fontys-Dummys" */;
			compatibilityVersion = "Xcode 3.2";
			developmentRegion = English;
			hasScannedForEncodings = 0;
			knownRegions = (
				en,
				Base,
			);
			mainGroup = 2BE75C871E06D6B000517368;
			productRefGroup = 2BE75C911E06D6B100517368 /* Products */;
			projectDirPath = "";
			projectRoot = "";
			targets = (
				2BE75C8F1E06D6B000517368 /* Fontys-Dummys */,
			);
		};
/* End PBXProject section */

/* Begin PBXResourcesBuildPhase section */
		2BE75C8E1E06D6B000517368 /* Resources */ = {
			isa = PBXResourcesBuildPhase;
			buildActionMask = 2147483647;
			files = (
				2BE75C9E1E06D6B100517368 /* LaunchScreen.storyboard in Resources */,
				2B4528431E0A964A0093153D /* GoogleService-Info.plist in Resources */,
				2BE75C9B1E06D6B100517368 /* Assets.xcassets in Resources */,
				2BE75C991E06D6B100517368 /* Main.storyboard in Resources */,
			);
			runOnlyForDeploymentPostprocessing = 0;
		};
/* End PBXResourcesBuildPhase section */

/* Begin PBXShellScriptBuildPhase section */
		058DE88089B5373E6EBF7EB6 /* [CP] Embed Pods Frameworks */ = {
			isa = PBXShellScriptBuildPhase;
			buildActionMask = 2147483647;
			files = (
			);
			inputPaths = (
			);
			name = "[CP] Embed Pods Frameworks";
			outputPaths = (
			);
			runOnlyForDeploymentPostprocessing = 0;
			shellPath = /bin/sh;
			shellScript = "\"${SRCROOT}/Pods/Target Support Files/Pods-Fontys-Dummys/Pods-Fontys-Dummys-frameworks.sh\"\n";
			showEnvVarsInLog = 0;
		};
		72BC2AB37A7D0F8EFCF6AA0B /* [CP] Check Pods Manifest.lock */ = {
			isa = PBXShellScriptBuildPhase;
			buildActionMask = 2147483647;
			files = (
			);
			inputPaths = (
			);
			name = "[CP] Check Pods Manifest.lock";
			outputPaths = (
			);
			runOnlyForDeploymentPostprocessing = 0;
			shellPath = /bin/sh;
			shellScript = "diff \"${PODS_ROOT}/../Podfile.lock\" \"${PODS_ROOT}/Manifest.lock\" > /dev/null\nif [ $? != 0 ] ; then\n    # print error to STDERR\n    echo \"error: The sandbox is not in sync with the Podfile.lock. Run 'pod install' or update your CocoaPods installation.\" >&2\n    exit 1\nfi\n";
			showEnvVarsInLog = 0;
		};
		B43593B02C421A7CECC434D8 /* [CP] Copy Pods Resources */ = {
			isa = PBXShellScriptBuildPhase;
			buildActionMask = 2147483647;
			files = (
			);
			inputPaths = (
			);
			name = "[CP] Copy Pods Resources";
			outputPaths = (
			);
			runOnlyForDeploymentPostprocessing = 0;
			shellPath = /bin/sh;
			shellScript = "\"${SRCROOT}/Pods/Target Support Files/Pods-Fontys-Dummys/Pods-Fontys-Dummys-resources.sh\"\n";
			showEnvVarsInLog = 0;
		};
/* End PBXShellScriptBuildPhase section */

/* Begin PBXSourcesBuildPhase section */
		2BE75C8C1E06D6B000517368 /* Sources */ = {
			isa = PBXSourcesBuildPhase;
			buildActionMask = 2147483647;
			files = (
				2B3083DC1E0964E30041135D /* FancyField.swift in Sources */,
				2BE75C961E06D6B100517368 /* SignInVC.swift in Sources */,
				2B3083DA1E0960F50041135D /* RoundBtn.swift in Sources */,
				2BE75C941E06D6B100517368 /* AppDelegate.swift in Sources */,
				2B3083D51E095DCE0041135D /* FancyView.swift in Sources */,
				2B3083D81E095E7D0041135D /* Constants.swift in Sources */,
				2B3083DE1E0967390041135D /* FancyBtn.swift in Sources */,
			);
			runOnlyForDeploymentPostprocessing = 0;
		};
/* End PBXSourcesBuildPhase section */

/* Begin PBXVariantGroup section */
		2BE75C971E06D6B100517368 /* Main.storyboard */ = {
			isa = PBXVariantGroup;
			children = (
				2BE75C981E06D6B100517368 /* Base */,
			);
			name = Main.storyboard;
			sourceTree = "<group>";
		};
		2BE75C9C1E06D6B100517368 /* LaunchScreen.storyboard */ = {
			isa = PBXVariantGroup;
			children = (
				2BE75C9D1E06D6B100517368 /* Base */,
			);
			name = LaunchScreen.storyboard;
			sourceTree = "<group>";
		};
/* End PBXVariantGroup section */

/* Begin XCBuildConfiguration section */
		2BE75CA01E06D6B100517368 /* Debug */ = {
			isa = XCBuildConfiguration;
			buildSettings = {
				ALWAYS_SEARCH_USER_PATHS = NO;
				CLANG_ANALYZER_NONNULL = YES;
				CLANG_CXX_LANGUAGE_STANDARD = "gnu++0x";
				CLANG_CXX_LIBRARY = "libc++";
				CLANG_ENABLE_MODULES = YES;
				CLANG_ENABLE_OBJC_ARC = YES;
				CLANG_WARN_BOOL_CONVERSION = YES;
				CLANG_WARN_CONSTANT_CONVERSION = YES;
				CLANG_WARN_DIRECT_OBJC_ISA_USAGE = YES_ERROR;
				CLANG_WARN_DOCUMENTATION_COMMENTS = YES;
				CLANG_WARN_EMPTY_BODY = YES;
				CLANG_WARN_ENUM_CONVERSION = YES;
				CLANG_WARN_INFINITE_RECURSION = YES;
				CLANG_WARN_INT_CONVERSION = YES;
				CLANG_WARN_OBJC_ROOT_CLASS = YES_ERROR;
				CLANG_WARN_SUSPICIOUS_MOVE = YES;
				CLANG_WARN_UNREACHABLE_CODE = YES;
				CLANG_WARN__DUPLICATE_METHOD_MATCH = YES;
				"CODE_SIGN_IDENTITY[sdk=iphoneos*]" = "iPhone Developer";
				COPY_PHASE_STRIP = NO;
				DEBUG_INFORMATION_FORMAT = dwarf;
				ENABLE_STRICT_OBJC_MSGSEND = YES;
				ENABLE_TESTABILITY = YES;
				GCC_C_LANGUAGE_STANDARD = gnu99;
				GCC_DYNAMIC_NO_PIC = NO;
				GCC_NO_COMMON_BLOCKS = YES;
				GCC_OPTIMIZATION_LEVEL = 0;
				GCC_PREPROCESSOR_DEFINITIONS = (
					"DEBUG=1",
					"$(inherited)",
				);
				GCC_WARN_64_TO_32_BIT_CONVERSION = YES;
				GCC_WARN_ABOUT_RETURN_TYPE = YES_ERROR;
				GCC_WARN_UNDECLARED_SELECTOR = YES;
				GCC_WARN_UNINITIALIZED_AUTOS = YES_AGGRESSIVE;
				GCC_WARN_UNUSED_FUNCTION = YES;
				GCC_WARN_UNUSED_VARIABLE = YES;
				IPHONEOS_DEPLOYMENT_TARGET = 10.2;
				MTL_ENABLE_DEBUG_INFO = YES;
				ONLY_ACTIVE_ARCH = YES;
				SDKROOT = iphoneos;
				SWIFT_ACTIVE_COMPILATION_CONDITIONS = DEBUG;
				SWIFT_OPTIMIZATION_LEVEL = "-Onone";
				TARGETED_DEVICE_FAMILY = "1,2";
			};
			name = Debug;
		};
		2BE75CA11E06D6B100517368 /* Release */ = {
			isa = XCBuildConfiguration;
			buildSettings = {
				ALWAYS_SEARCH_USER_PATHS = NO;
				CLANG_ANALYZER_NONNULL = YES;
				CLANG_CXX_LANGUAGE_STANDARD = "gnu++0x";
				CLANG_CXX_LIBRARY = "libc++";
				CLANG_ENABLE_MODULES = YES;
				CLANG_ENABLE_OBJC_ARC = YES;
				CLANG_WARN_BOOL_CONVERSION = YES;
				CLANG_WARN_CONSTANT_CONVERSION = YES;
				CLANG_WARN_DIRECT_OBJC_ISA_USAGE = YES_ERROR;
				CLANG_WARN_DOCUMENTATION_COMMENTS = YES;
				CLANG_WARN_EMPTY_BODY = YES;
				CLANG_WARN_ENUM_CONVERSION = YES;
				CLANG_WARN_INFINITE_RECURSION = YES;
				CLANG_WARN_INT_CONVERSION = YES;
				CLANG_WARN_OBJC_ROOT_CLASS = YES_ERROR;
				CLANG_WARN_SUSPICIOUS_MOVE = YES;
				CLANG_WARN_UNREACHABLE_CODE = YES;
				CLANG_WARN__DUPLICATE_METHOD_MATCH = YES;
				"CODE_SIGN_IDENTITY[sdk=iphoneos*]" = "iPhone Developer";
				COPY_PHASE_STRIP = NO;
				DEBUG_INFORMATION_FORMAT = "dwarf-with-dsym";
				ENABLE_NS_ASSERTIONS = NO;
				ENABLE_STRICT_OBJC_MSGSEND = YES;
				GCC_C_LANGUAGE_STANDARD = gnu99;
				GCC_NO_COMMON_BLOCKS = YES;
				GCC_WARN_64_TO_32_BIT_CONVERSION = YES;
				GCC_WARN_ABOUT_RETURN_TYPE = YES_ERROR;
				GCC_WARN_UNDECLARED_SELECTOR = YES;
				GCC_WARN_UNINITIALIZED_AUTOS = YES_AGGRESSIVE;
				GCC_WARN_UNUSED_FUNCTION = YES;
				GCC_WARN_UNUSED_VARIABLE = YES;
				IPHONEOS_DEPLOYMENT_TARGET = 10.2;
				MTL_ENABLE_DEBUG_INFO = NO;
				SDKROOT = iphoneos;
				SWIFT_OPTIMIZATION_LEVEL = "-Owholemodule";
				TARGETED_DEVICE_FAMILY = "1,2";
				VALIDATE_PRODUCT = YES;
			};
			name = Release;
		};
		2BE75CA31E06D6B100517368 /* Debug */ = {
			isa = XCBuildConfiguration;
			baseConfigurationReference = 941008533F26EEF1BC8AFA79 /* Pods-Fontys-Dummys.debug.xcconfig */;
			buildSettings = {
				ASSETCATALOG_COMPILER_APPICON_NAME = AppIcon;
				CODE_SIGN_ENTITLEMENTS = "Fontys-Dummys/Fontys-Dummys.entitlements";
				DEVELOPMENT_TEAM = 8XQREM6QC3;
				INFOPLIST_FILE = "Fontys-Dummys/Info.plist";
				LD_RUNPATH_SEARCH_PATHS = "$(inherited) @executable_path/Frameworks";
				PRODUCT_BUNDLE_IDENTIFIER = "edu.fontys.sm.Fontys-Dummys";
				PRODUCT_NAME = "$(TARGET_NAME)";
				SWIFT_VERSION = 3.0;
				TARGETED_DEVICE_FAMILY = 1;
			};
			name = Debug;
		};
		2BE75CA41E06D6B100517368 /* Release */ = {
			isa = XCBuildConfiguration;
			baseConfigurationReference = 7A1FC0CCB521B08988CA981C /* Pods-Fontys-Dummys.release.xcconfig */;
			buildSettings = {
				ASSETCATALOG_COMPILER_APPICON_NAME = AppIcon;
				CODE_SIGN_ENTITLEMENTS = "Fontys-Dummys/Fontys-Dummys.entitlements";
				DEVELOPMENT_TEAM = 8XQREM6QC3;
				INFOPLIST_FILE = "Fontys-Dummys/Info.plist";
				LD_RUNPATH_SEARCH_PATHS = "$(inherited) @executable_path/Frameworks";
				PRODUCT_BUNDLE_IDENTIFIER = "edu.fontys.sm.Fontys-Dummys";
				PRODUCT_NAME = "$(TARGET_NAME)";
				SWIFT_VERSION = 3.0;
				TARGETED_DEVICE_FAMILY = 1;
			};
			name = Release;
		};
/* End XCBuildConfiguration section */

/* Begin XCConfigurationList section */
		2BE75C8B1E06D6B000517368 /* Build configuration list for PBXProject "Fontys-Dummys" */ = {
			isa = XCConfigurationList;
			buildConfigurations = (
				2BE75CA01E06D6B100517368 /* Debug */,
				2BE75CA11E06D6B100517368 /* Release */,
			);
			defaultConfigurationIsVisible = 0;
			defaultConfigurationName = Release;
		};
		2BE75CA21E06D6B100517368 /* Build configuration list for PBXNativeTarget "Fontys-Dummys" */ = {
			isa = XCConfigurationList;
			buildConfigurations = (
				2BE75CA31E06D6B100517368 /* Debug */,
				2BE75CA41E06D6B100517368 /* Release */,
			);
			defaultConfigurationIsVisible = 0;
			defaultConfigurationName = Release;
		};
/* End XCConfigurationList section */
	};
	rootObject = 2BE75C881E06D6B000517368 /* Project object */;
}
